// !$*UTF8*$!
{
	archiveVersion = 1;
	classes = {
	};
	objectVersion = 56;
	objects = {

/* Begin PBXBuildFile section */
		382937032AFBA7290028242C /* NewCell.swift in Sources */ = {isa = PBXBuildFile; fileRef = 382937022AFBA7290028242C /* NewCell.swift */; };
		382937052AFBBCF10028242C /* DetailsViewModel.swift in Sources */ = {isa = PBXBuildFile; fileRef = 382937042AFBBCF10028242C /* DetailsViewModel.swift */; };
		382937082AFE28190028242C /* matrix.ttf in Resources */ = {isa = PBXBuildFile; fileRef = 382937072AFE28190028242C /* matrix.ttf */; };
		3829372A2AFF80300028242C /* RMDataModel.xcdatamodeld in Sources */ = {isa = PBXBuildFile; fileRef = 382937282AFF80300028242C /* RMDataModel.xcdatamodeld */; };
		3829372C2AFF81110028242C /* DataManager.swift in Sources */ = {isa = PBXBuildFile; fileRef = 3829372B2AFF81110028242C /* DataManager.swift */; };
		3829372F2AFF87280028242C /* FavoriteView.swift in Sources */ = {isa = PBXBuildFile; fileRef = 3829372E2AFF87280028242C /* FavoriteView.swift */; };
		38490AA52AF3E2E400F86285 /* RickAndMApp.swift in Sources */ = {isa = PBXBuildFile; fileRef = 38490AA42AF3E2E400F86285 /* RickAndMApp.swift */; };
		38490AA72AF3E2E400F86285 /* CharactersView.swift in Sources */ = {isa = PBXBuildFile; fileRef = 38490AA62AF3E2E400F86285 /* CharactersView.swift */; };
		38490AA92AF3E2E600F86285 /* Assets.xcassets in Resources */ = {isa = PBXBuildFile; fileRef = 38490AA82AF3E2E600F86285 /* Assets.xcassets */; };
		38490AAC2AF3E2E600F86285 /* Preview Assets.xcassets in Resources */ = {isa = PBXBuildFile; fileRef = 38490AAB2AF3E2E600F86285 /* Preview Assets.xcassets */; };
		38490AB32AF3E34600F86285 /* NetwManager.swift in Sources */ = {isa = PBXBuildFile; fileRef = 38490AB22AF3E34600F86285 /* NetwManager.swift */; };
		38490AB52AF3E3A600F86285 /* NetwDataModel.swift in Sources */ = {isa = PBXBuildFile; fileRef = 38490AB42AF3E3A600F86285 /* NetwDataModel.swift */; };
		38490AB72AF3E3AF00F86285 /* AppDataModel.swift in Sources */ = {isa = PBXBuildFile; fileRef = 38490AB62AF3E3AF00F86285 /* AppDataModel.swift */; };
		38490AB92AF511B900F86285 /* TableCellPrototype.swift in Sources */ = {isa = PBXBuildFile; fileRef = 38490AB82AF511B900F86285 /* TableCellPrototype.swift */; };
		38490ABB2AF514A200F86285 /* DetailsView.swift in Sources */ = {isa = PBXBuildFile; fileRef = 38490ABA2AF514A200F86285 /* DetailsView.swift */; };
		38490ABD2AF5284400F86285 /* CharactersViewModel.swift in Sources */ = {isa = PBXBuildFile; fileRef = 38490ABC2AF5284400F86285 /* CharactersViewModel.swift */; };
		38C22DCB2AFF8E1B00B8FCBA /* CharactersProtocol.swift in Sources */ = {isa = PBXBuildFile; fileRef = 38C22DCA2AFF8E1B00B8FCBA /* CharactersProtocol.swift */; };
/* End PBXBuildFile section */

/* Begin PBXFileReference section */
		382937022AFBA7290028242C /* NewCell.swift */ = {isa = PBXFileReference; lastKnownFileType = sourcecode.swift; path = NewCell.swift; sourceTree = "<group>"; };
		382937042AFBBCF10028242C /* DetailsViewModel.swift */ = {isa = PBXFileReference; lastKnownFileType = sourcecode.swift; path = DetailsViewModel.swift; sourceTree = "<group>"; };
		382937072AFE28190028242C /* matrix.ttf */ = {isa = PBXFileReference; lastKnownFileType = file; path = matrix.ttf; sourceTree = "<group>"; };
		382937092AFE28340028242C /* Info.plist */ = {isa = PBXFileReference; lastKnownFileType = text.plist; path = Info.plist; sourceTree = "<group>"; };
		382937292AFF80300028242C /* RMDataModel.xcdatamodel */ = {isa = PBXFileReference; lastKnownFileType = wrapper.xcdatamodel; path = RMDataModel.xcdatamodel; sourceTree = "<group>"; };
		3829372B2AFF81110028242C /* DataManager.swift */ = {isa = PBXFileReference; lastKnownFileType = sourcecode.swift; path = DataManager.swift; sourceTree = "<group>"; };
		3829372E2AFF87280028242C /* FavoriteView.swift */ = {isa = PBXFileReference; lastKnownFileType = sourcecode.swift; path = FavoriteView.swift; sourceTree = "<group>"; };
		38490AA12AF3E2E400F86285 /* RickAndM.app */ = {isa = PBXFileReference; explicitFileType = wrapper.application; includeInIndex = 0; path = RickAndM.app; sourceTree = BUILT_PRODUCTS_DIR; };
		38490AA42AF3E2E400F86285 /* RickAndMApp.swift */ = {isa = PBXFileReference; lastKnownFileType = sourcecode.swift; path = RickAndMApp.swift; sourceTree = "<group>"; };
		38490AA62AF3E2E400F86285 /* CharactersView.swift */ = {isa = PBXFileReference; lastKnownFileType = sourcecode.swift; path = CharactersView.swift; sourceTree = "<group>"; };
		38490AA82AF3E2E600F86285 /* Assets.xcassets */ = {isa = PBXFileReference; lastKnownFileType = folder.assetcatalog; path = Assets.xcassets; sourceTree = "<group>"; };
		38490AAB2AF3E2E600F86285 /* Preview Assets.xcassets */ = {isa = PBXFileReference; lastKnownFileType = folder.assetcatalog; path = "Preview Assets.xcassets"; sourceTree = "<group>"; };
		38490AB22AF3E34600F86285 /* NetwManager.swift */ = {isa = PBXFileReference; lastKnownFileType = sourcecode.swift; path = NetwManager.swift; sourceTree = "<group>"; };
		38490AB42AF3E3A600F86285 /* NetwDataModel.swift */ = {isa = PBXFileReference; lastKnownFileType = sourcecode.swift; path = NetwDataModel.swift; sourceTree = "<group>"; };
		38490AB62AF3E3AF00F86285 /* AppDataModel.swift */ = {isa = PBXFileReference; lastKnownFileType = sourcecode.swift; path = AppDataModel.swift; sourceTree = "<group>"; };
		38490AB82AF511B900F86285 /* TableCellPrototype.swift */ = {isa = PBXFileReference; lastKnownFileType = sourcecode.swift; path = TableCellPrototype.swift; sourceTree = "<group>"; };
		38490ABA2AF514A200F86285 /* DetailsView.swift */ = {isa = PBXFileReference; lastKnownFileType = sourcecode.swift; path = DetailsView.swift; sourceTree = "<group>"; };
		38490ABC2AF5284400F86285 /* CharactersViewModel.swift */ = {isa = PBXFileReference; lastKnownFileType = sourcecode.swift; path = CharactersViewModel.swift; sourceTree = "<group>"; };
		38C22DCA2AFF8E1B00B8FCBA /* CharactersProtocol.swift */ = {isa = PBXFileReference; lastKnownFileType = sourcecode.swift; path = CharactersProtocol.swift; sourceTree = "<group>"; };
/* End PBXFileReference section */

/* Begin PBXFrameworksBuildPhase section */
		38490A9E2AF3E2E400F86285 /* Frameworks */ = {
			isa = PBXFrameworksBuildPhase;
			buildActionMask = 2147483647;
			files = (
			);
			runOnlyForDeploymentPostprocessing = 0;
		};
/* End PBXFrameworksBuildPhase section */

/* Begin PBXGroup section */
		382937062AFE28070028242C /* Font */ = {
			isa = PBXGroup;
			children = (
				382937072AFE28190028242C /* matrix.ttf */,
			);
			path = Font;
			sourceTree = "<group>";
		};
		3829372D2AFF87150028242C /* FavoriteView */ = {
			isa = PBXGroup;
			children = (
				3829372E2AFF87280028242C /* FavoriteView.swift */,
			);
			path = FavoriteView;
			sourceTree = "<group>";
		};
		38490A982AF3E2E400F86285 = {
			isa = PBXGroup;
			children = (
				38490AA32AF3E2E400F86285 /* RickAndM */,
				38490AA22AF3E2E400F86285 /* Products */,
			);
			sourceTree = "<group>";
		};
		38490AA22AF3E2E400F86285 /* Products */ = {
			isa = PBXGroup;
			children = (
				38490AA12AF3E2E400F86285 /* RickAndM.app */,
			);
			name = Products;
			sourceTree = "<group>";
		};
		38490AA32AF3E2E400F86285 /* RickAndM */ = {
			isa = PBXGroup;
			children = (
				38C22DD02AFFA4DD00B8FCBA /* Views */,
				382937092AFE28340028242C /* Info.plist */,
				382937062AFE28070028242C /* Font */,
				38490AA42AF3E2E400F86285 /* RickAndMApp.swift */,
				38490AC12AF52ED700F86285 /* Managers */,
				38490AC02AF52ECE00F86285 /* Models */,
				38490AA82AF3E2E600F86285 /* Assets.xcassets */,
				38490AAA2AF3E2E600F86285 /* Preview Content */,
			);
			path = RickAndM;
			sourceTree = "<group>";
		};
		38490AAA2AF3E2E600F86285 /* Preview Content */ = {
			isa = PBXGroup;
			children = (
				38490AAB2AF3E2E600F86285 /* Preview Assets.xcassets */,
			);
			path = "Preview Content";
			sourceTree = "<group>";
		};
		38490ABE2AF52EA700F86285 /* CharactersView */ = {
			isa = PBXGroup;
			children = (
				38490ABF2AF52EB600F86285 /* DetailsView */,
				38490AB82AF511B900F86285 /* TableCellPrototype.swift */,
				38490AA62AF3E2E400F86285 /* CharactersView.swift */,
				38490ABC2AF5284400F86285 /* CharactersViewModel.swift */,
				382937022AFBA7290028242C /* NewCell.swift */,
			);
			path = CharactersView;
			sourceTree = "<group>";
		};
		38490ABF2AF52EB600F86285 /* DetailsView */ = {
			isa = PBXGroup;
			children = (
				38490ABA2AF514A200F86285 /* DetailsView.swift */,
				382937042AFBBCF10028242C /* DetailsViewModel.swift */,
			);
			path = DetailsView;
			sourceTree = "<group>";
		};
		38490AC02AF52ECE00F86285 /* Models */ = {
			isa = PBXGroup;
			children = (
				38490AB42AF3E3A600F86285 /* NetwDataModel.swift */,
				38490AB62AF3E3AF00F86285 /* AppDataModel.swift */,
				382937282AFF80300028242C /* RMDataModel.xcdatamodeld */,
				38C22DCA2AFF8E1B00B8FCBA /* CharactersProtocol.swift */,
			);
			path = Models;
			sourceTree = "<group>";
		};
		38490AC12AF52ED700F86285 /* Managers */ = {
			isa = PBXGroup;
			children = (
				38490AB22AF3E34600F86285 /* NetwManager.swift */,
				3829372B2AFF81110028242C /* DataManager.swift */,
			);
			path = Managers;
			sourceTree = "<group>";
		};
		38C22DD02AFFA4DD00B8FCBA /* Views */ = {
			isa = PBXGroup;
			children = (
				3829372D2AFF87150028242C /* FavoriteView */,
				38490ABE2AF52EA700F86285 /* CharactersView */,
			);
			path = Views;
			sourceTree = "<group>";
		};
/* End PBXGroup section */

/* Begin PBXNativeTarget section */
		38490AA02AF3E2E400F86285 /* RickAndM */ = {
			isa = PBXNativeTarget;
			buildConfigurationList = 38490AAF2AF3E2E600F86285 /* Build configuration list for PBXNativeTarget "RickAndM" */;
			buildPhases = (
				38490A9D2AF3E2E400F86285 /* Sources */,
				38490A9E2AF3E2E400F86285 /* Frameworks */,
				38490A9F2AF3E2E400F86285 /* Resources */,
			);
			buildRules = (
			);
			dependencies = (
			);
			name = RickAndM;
			productName = RickAndM;
			productReference = 38490AA12AF3E2E400F86285 /* RickAndM.app */;
			productType = "com.apple.product-type.application";
		};
/* End PBXNativeTarget section */

/* Begin PBXProject section */
		38490A992AF3E2E400F86285 /* Project object */ = {
			isa = PBXProject;
			attributes = {
				BuildIndependentTargetsInParallel = 1;
				LastSwiftUpdateCheck = 1500;
				LastUpgradeCheck = 1500;
				TargetAttributes = {
					38490AA02AF3E2E400F86285 = {
						CreatedOnToolsVersion = 15.0.1;
					};
				};
			};
			buildConfigurationList = 38490A9C2AF3E2E400F86285 /* Build configuration list for PBXProject "RickAndM" */;
			compatibilityVersion = "Xcode 14.0";
			developmentRegion = en;
			hasScannedForEncodings = 0;
			knownRegions = (
				en,
				Base,
			);
			mainGroup = 38490A982AF3E2E400F86285;
			productRefGroup = 38490AA22AF3E2E400F86285 /* Products */;
			projectDirPath = "";
			projectRoot = "";
			targets = (
				38490AA02AF3E2E400F86285 /* RickAndM */,
			);
		};
/* End PBXProject section */

/* Begin PBXResourcesBuildPhase section */
		38490A9F2AF3E2E400F86285 /* Resources */ = {
			isa = PBXResourcesBuildPhase;
			buildActionMask = 2147483647;
			files = (
				38490AAC2AF3E2E600F86285 /* Preview Assets.xcassets in Resources */,
				38490AA92AF3E2E600F86285 /* Assets.xcassets in Resources */,
				382937082AFE28190028242C /* matrix.ttf in Resources */,
			);
			runOnlyForDeploymentPostprocessing = 0;
		};
/* End PBXResourcesBuildPhase section */

/* Begin PBXSourcesBuildPhase section */
		38490A9D2AF3E2E400F86285 /* Sources */ = {
			isa = PBXSourcesBuildPhase;
			buildActionMask = 2147483647;
			files = (
				38490ABD2AF5284400F86285 /* CharactersViewModel.swift in Sources */,
				38C22DCB2AFF8E1B00B8FCBA /* CharactersProtocol.swift in Sources */,
				3829372C2AFF81110028242C /* DataManager.swift in Sources */,
				38490AB32AF3E34600F86285 /* NetwManager.swift in Sources */,
				38490ABB2AF514A200F86285 /* DetailsView.swift in Sources */,
				38490AB92AF511B900F86285 /* TableCellPrototype.swift in Sources */,
				38490AA72AF3E2E400F86285 /* CharactersView.swift in Sources */,
				38490AA52AF3E2E400F86285 /* RickAndMApp.swift in Sources */,
				3829372A2AFF80300028242C /* RMDataModel.xcdatamodeld in Sources */,
				3829372F2AFF87280028242C /* FavoriteView.swift in Sources */,
				38490AB52AF3E3A600F86285 /* NetwDataModel.swift in Sources */,
				382937052AFBBCF10028242C /* DetailsViewModel.swift in Sources */,
				382937032AFBA7290028242C /* NewCell.swift in Sources */,
				38490AB72AF3E3AF00F86285 /* AppDataModel.swift in Sources */,
			);
			runOnlyForDeploymentPostprocessing = 0;
		};
/* End PBXSourcesBuildPhase section */

/* Begin XCBuildConfiguration section */
		38490AAD2AF3E2E600F86285 /* Debug */ = {
			isa = XCBuildConfiguration;
			buildSettings = {
				ALWAYS_SEARCH_USER_PATHS = NO;
				ASSETCATALOG_COMPILER_GENERATE_SWIFT_ASSET_SYMBOL_EXTENSIONS = YES;
				CLANG_ANALYZER_NONNULL = YES;
				CLANG_ANALYZER_NUMBER_OBJECT_CONVERSION = YES_AGGRESSIVE;
				CLANG_CXX_LANGUAGE_STANDARD = "gnu++20";
				CLANG_ENABLE_MODULES = YES;
				CLANG_ENABLE_OBJC_ARC = YES;
				CLANG_ENABLE_OBJC_WEAK = YES;
				CLANG_WARN_BLOCK_CAPTURE_AUTORELEASING = YES;
				CLANG_WARN_BOOL_CONVERSION = YES;
				CLANG_WARN_COMMA = YES;
				CLANG_WARN_CONSTANT_CONVERSION = YES;
				CLANG_WARN_DEPRECATED_OBJC_IMPLEMENTATIONS = YES;
				CLANG_WARN_DIRECT_OBJC_ISA_USAGE = YES_ERROR;
				CLANG_WARN_DOCUMENTATION_COMMENTS = YES;
				CLANG_WARN_EMPTY_BODY = YES;
				CLANG_WARN_ENUM_CONVERSION = YES;
				CLANG_WARN_INFINITE_RECURSION = YES;
				CLANG_WARN_INT_CONVERSION = YES;
				CLANG_WARN_NON_LITERAL_NULL_CONVERSION = YES;
				CLANG_WARN_OBJC_IMPLICIT_RETAIN_SELF = YES;
				CLANG_WARN_OBJC_LITERAL_CONVERSION = YES;
				CLANG_WARN_OBJC_ROOT_CLASS = YES_ERROR;
				CLANG_WARN_QUOTED_INCLUDE_IN_FRAMEWORK_HEADER = YES;
				CLANG_WARN_RANGE_LOOP_ANALYSIS = YES;
				CLANG_WARN_STRICT_PROTOTYPES = YES;
				CLANG_WARN_SUSPICIOUS_MOVE = YES;
				CLANG_WARN_UNGUARDED_AVAILABILITY = YES_AGGRESSIVE;
				CLANG_WARN_UNREACHABLE_CODE = YES;
				CLANG_WARN__DUPLICATE_METHOD_MATCH = YES;
				COPY_PHASE_STRIP = NO;
				DEBUG_INFORMATION_FORMAT = dwarf;
				ENABLE_STRICT_OBJC_MSGSEND = YES;
				ENABLE_TESTABILITY = YES;
				ENABLE_USER_SCRIPT_SANDBOXING = YES;
				GCC_C_LANGUAGE_STANDARD = gnu17;
				GCC_DYNAMIC_NO_PIC = NO;
				GCC_NO_COMMON_BLOCKS = YES;
				GCC_OPTIMIZATION_LEVEL = 0;
				GCC_PREPROCESSOR_DEFINITIONS = (
					"DEBUG=1",
					"$(inherited)",
				);
				GCC_WARN_64_TO_32_BIT_CONVERSION = YES;
				GCC_WARN_ABOUT_RETURN_TYPE = YES_ERROR;
				GCC_WARN_UNDECLARED_SELECTOR = YES;
				GCC_WARN_UNINITIALIZED_AUTOS = YES_AGGRESSIVE;
				GCC_WARN_UNUSED_FUNCTION = YES;
				GCC_WARN_UNUSED_VARIABLE = YES;
				IPHONEOS_DEPLOYMENT_TARGET = 17.0;
				LOCALIZATION_PREFERS_STRING_CATALOGS = YES;
				MTL_ENABLE_DEBUG_INFO = INCLUDE_SOURCE;
				MTL_FAST_MATH = YES;
				ONLY_ACTIVE_ARCH = YES;
				SDKROOT = iphoneos;
				SWIFT_ACTIVE_COMPILATION_CONDITIONS = "DEBUG $(inherited)";
				SWIFT_OPTIMIZATION_LEVEL = "-Onone";
			};
			name = Debug;
		};
		38490AAE2AF3E2E600F86285 /* Release */ = {
			isa = XCBuildConfiguration;
			buildSettings = {
				ALWAYS_SEARCH_USER_PATHS = NO;
				ASSETCATALOG_COMPILER_GENERATE_SWIFT_ASSET_SYMBOL_EXTENSIONS = YES;
				CLANG_ANALYZER_NONNULL = YES;
				CLANG_ANALYZER_NUMBER_OBJECT_CONVERSION = YES_AGGRESSIVE;
				CLANG_CXX_LANGUAGE_STANDARD = "gnu++20";
				CLANG_ENABLE_MODULES = YES;
				CLANG_ENABLE_OBJC_ARC = YES;
				CLANG_ENABLE_OBJC_WEAK = YES;
				CLANG_WARN_BLOCK_CAPTURE_AUTORELEASING = YES;
				CLANG_WARN_BOOL_CONVERSION = YES;
				CLANG_WARN_COMMA = YES;
				CLANG_WARN_CONSTANT_CONVERSION = YES;
				CLANG_WARN_DEPRECATED_OBJC_IMPLEMENTATIONS = YES;
				CLANG_WARN_DIRECT_OBJC_ISA_USAGE = YES_ERROR;
				CLANG_WARN_DOCUMENTATION_COMMENTS = YES;
				CLANG_WARN_EMPTY_BODY = YES;
				CLANG_WARN_ENUM_CONVERSION = YES;
				CLANG_WARN_INFINITE_RECURSION = YES;
				CLANG_WARN_INT_CONVERSION = YES;
				CLANG_WARN_NON_LITERAL_NULL_CONVERSION = YES;
				CLANG_WARN_OBJC_IMPLICIT_RETAIN_SELF = YES;
				CLANG_WARN_OBJC_LITERAL_CONVERSION = YES;
				CLANG_WARN_OBJC_ROOT_CLASS = YES_ERROR;
				CLANG_WARN_QUOTED_INCLUDE_IN_FRAMEWORK_HEADER = YES;
				CLANG_WARN_RANGE_LOOP_ANALYSIS = YES;
				CLANG_WARN_STRICT_PROTOTYPES = YES;
				CLANG_WARN_SUSPICIOUS_MOVE = YES;
				CLANG_WARN_UNGUARDED_AVAILABILITY = YES_AGGRESSIVE;
				CLANG_WARN_UNREACHABLE_CODE = YES;
				CLANG_WARN__DUPLICATE_METHOD_MATCH = YES;
				COPY_PHASE_STRIP = NO;
				DEBUG_INFORMATION_FORMAT = "dwarf-with-dsym";
				ENABLE_NS_ASSERTIONS = NO;
				ENABLE_STRICT_OBJC_MSGSEND = YES;
				ENABLE_USER_SCRIPT_SANDBOXING = YES;
				GCC_C_LANGUAGE_STANDARD = gnu17;
				GCC_NO_COMMON_BLOCKS = YES;
				GCC_WARN_64_TO_32_BIT_CONVERSION = YES;
				GCC_WARN_ABOUT_RETURN_TYPE = YES_ERROR;
				GCC_WARN_UNDECLARED_SELECTOR = YES;
				GCC_WARN_UNINITIALIZED_AUTOS = YES_AGGRESSIVE;
				GCC_WARN_UNUSED_FUNCTION = YES;
				GCC_WARN_UNUSED_VARIABLE = YES;
				IPHONEOS_DEPLOYMENT_TARGET = 17.0;
				LOCALIZATION_PREFERS_STRING_CATALOGS = YES;
				MTL_ENABLE_DEBUG_INFO = NO;
				MTL_FAST_MATH = YES;
				SDKROOT = iphoneos;
				SWIFT_COMPILATION_MODE = wholemodule;
				VALIDATE_PRODUCT = YES;
			};
			name = Release;
		};
		38490AB02AF3E2E600F86285 /* Debug */ = {
			isa = XCBuildConfiguration;
			buildSettings = {
				ASSETCATALOG_COMPILER_APPICON_NAME = AppIcon;
				ASSETCATALOG_COMPILER_GLOBAL_ACCENT_COLOR_NAME = AccentColor;
				CODE_SIGN_STYLE = Automatic;
				CURRENT_PROJECT_VERSION = 1;
				DEVELOPMENT_ASSET_PATHS = "\"RickAndM/Preview Content\"";
				DEVELOPMENT_TEAM = 4Z4LB4Y2NL;
				ENABLE_PREVIEWS = YES;
				GENERATE_INFOPLIST_FILE = YES;
				INFOPLIST_FILE = RickAndM/Info.plist;
				INFOPLIST_KEY_UIApplicationSceneManifest_Generation = YES;
				INFOPLIST_KEY_UIApplicationSupportsIndirectInputEvents = YES;
				INFOPLIST_KEY_UILaunchScreen_Generation = YES;
				INFOPLIST_KEY_UISupportedInterfaceOrientations_iPad = "UIInterfaceOrientationPortrait UIInterfaceOrientationPortraitUpsideDown UIInterfaceOrientationLandscapeLeft UIInterfaceOrientationLandscapeRight";
				INFOPLIST_KEY_UISupportedInterfaceOrientations_iPhone = "UIInterfaceOrientationPortrait UIInterfaceOrientationLandscapeLeft UIInterfaceOrientationLandscapeRight";
				IPHONEOS_DEPLOYMENT_TARGET = 16.1;
				LD_RUNPATH_SEARCH_PATHS = (
					"$(inherited)",
					"@executable_path/Frameworks",
				);
				MARKETING_VERSION = 1.0;
				PRODUCT_BUNDLE_IDENTIFIER = NP.RickAndM;
				PRODUCT_NAME = "$(TARGET_NAME)";
				SUPPORTED_PLATFORMS = "iphoneos iphonesimulator";
				SUPPORTS_MACCATALYST = NO;
				SUPPORTS_MAC_DESIGNED_FOR_IPHONE_IPAD = NO;
				SWIFT_EMIT_LOC_STRINGS = YES;
				SWIFT_VERSION = 5.0;
				TARGETED_DEVICE_FAMILY = 1;
			};
			name = Debug;
		};
		38490AB12AF3E2E600F86285 /* Release */ = {
			isa = XCBuildConfiguration;
			buildSettings = {
				ASSETCATALOG_COMPILER_APPICON_NAME = AppIcon;
				ASSETCATALOG_COMPILER_GLOBAL_ACCENT_COLOR_NAME = AccentColor;
				CODE_SIGN_STYLE = Automatic;
				CURRENT_PROJECT_VERSION = 1;
				DEVELOPMENT_ASSET_PATHS = "\"RickAndM/Preview Content\"";
				DEVELOPMENT_TEAM = 4Z4LB4Y2NL;
				ENABLE_PREVIEWS = YES;
				GENERATE_INFOPLIST_FILE = YES;
				INFOPLIST_FILE = RickAndM/Info.plist;
				INFOPLIST_KEY_UIApplicationSceneManifest_Generation = YES;
				INFOPLIST_KEY_UIApplicationSupportsIndirectInputEvents = YES;
				INFOPLIST_KEY_UILaunchScreen_Generation = YES;
				INFOPLIST_KEY_UISupportedInterfaceOrientations_iPad = "UIInterfaceOrientationPortrait UIInterfaceOrientationPortraitUpsideDown UIInterfaceOrientationLandscapeLeft UIInterfaceOrientationLandscapeRight";
				INFOPLIST_KEY_UISupportedInterfaceOrientations_iPhone = "UIInterfaceOrientationPortrait UIInterfaceOrientationLandscapeLeft UIInterfaceOrientationLandscapeRight";
				IPHONEOS_DEPLOYMENT_TARGET = 16.1;
				LD_RUNPATH_SEARCH_PATHS = (
					"$(inherited)",
					"@executable_path/Frameworks",
				);
				MARKETING_VERSION = 1.0;
				PRODUCT_BUNDLE_IDENTIFIER = NP.RickAndM;
				PRODUCT_NAME = "$(TARGET_NAME)";
				SUPPORTED_PLATFORMS = "iphoneos iphonesimulator";
				SUPPORTS_MACCATALYST = NO;
				SUPPORTS_MAC_DESIGNED_FOR_IPHONE_IPAD = NO;
				SWIFT_EMIT_LOC_STRINGS = YES;
				SWIFT_VERSION = 5.0;
				TARGETED_DEVICE_FAMILY = 1;
			};
			name = Release;
		};
/* End XCBuildConfiguration section */

/* Begin XCConfigurationList section */
		38490A9C2AF3E2E400F86285 /* Build configuration list for PBXProject "RickAndM" */ = {
			isa = XCConfigurationList;
			buildConfigurations = (
				38490AAD2AF3E2E600F86285 /* Debug */,
				38490AAE2AF3E2E600F86285 /* Release */,
			);
			defaultConfigurationIsVisible = 0;
			defaultConfigurationName = Release;
		};
		38490AAF2AF3E2E600F86285 /* Build configuration list for PBXNativeTarget "RickAndM" */ = {
			isa = XCConfigurationList;
			buildConfigurations = (
				38490AB02AF3E2E600F86285 /* Debug */,
				38490AB12AF3E2E600F86285 /* Release */,
			);
			defaultConfigurationIsVisible = 0;
			defaultConfigurationName = Release;
		};
/* End XCConfigurationList section */

/* Begin XCVersionGroup section */
		382937282AFF80300028242C /* RMDataModel.xcdatamodeld */ = {
			isa = XCVersionGroup;
			children = (
				382937292AFF80300028242C /* RMDataModel.xcdatamodel */,
			);
			currentVersion = 382937292AFF80300028242C /* RMDataModel.xcdatamodel */;
			path = RMDataModel.xcdatamodeld;
			sourceTree = "<group>";
			versionGroupType = wrapper.xcdatamodel;
		};
/* End XCVersionGroup section */
	};
	rootObject = 38490A992AF3E2E400F86285 /* Project object */;
}
